github.com/LordMathis/hugo-theme-nightfall v0.8.0 h1:N4AdlWgnANKAhtbIYPLxf2SzUJ3aHOc2oeRho9IF6eo=
github.com/LordMathis/hugo-theme-nightfall v0.8.0/go.mod h1:0tCPxAeg5+tWhv17517Q8Lti/TPh0KNyON/uferEU30=
github.com/McShelby/hugo-theme-relearn v0.0.0-20250221095423-68220ad15a24 h1:UoE3MmhFOOB0VcM/fotzeTnxR3vnCW6hqxrqtQ5IQnw=
github.com/McShelby/hugo-theme-relearn v0.0.0-20250221095423-68220ad15a24/go.mod h1:mKQQdxZNIlLvAj8X3tMq+RzntIJSr9z7XdzuMomt0IM=
github.com/brianreumere/plague v0.4.0 h1:PA6ZIrbsnx48UxO7O+A3Kchjow0V8Ezr04KDj5yF2Ek=
github.com/brianreumere/plague v0.4.0/go.mod h1:FjXJXbBLMg28mwVEVwSF+bLtEPI8RzHb/DMZ5BCSUBc=
